{
    "_meta": {
        "hash": {
            "sha256": "f9f4ab410720b073f860950f72dc86986cb32254560d74af23c13a3be6534c1c"
        },
        "pipfile-spec": 6,
        "requires": {
            "python_version": "3.14"
        },
        "sources": [
            {
                "name": "pypi",
                "url": "https://pypi.org/simple",
                "verify_ssl": true
            }
        ]
    },
    "default": {
        "aws-quota-checker": {
            "editable": true,
            "extras": [
                "prometheus"
            ],
            "path": "."
        },
        "boto3": {
            "hashes": [
                "sha256:1885f252d715a5810bb4e0c5bbebfa8e9018b025febf5be3d58540626e7b43d2",
                "sha256:9b92943d253bc837323079fe88460e741cb2eb80abaebcb558b2446bdb4049d6"
            ],
            "markers": "python_version >= '3.9'",
            "version": "==1.42.21"
        },
        "botocore": {
            "hashes": [
                "sha256:6b59973a3ba8c3cfd5123f2656fef2339beee9f6483b8bc12bb00c5453ea2c6d",
                "sha256:db8f99d186156da42feb4fd2098017383d9b155097290cc53da7258f6e652c39"
            ],
            "markers": "python_version >= '3.9'",
            "version": "==1.42.21"
        },
        "cachetools": {
            "hashes": [
                "sha256:69a7a52634fed8b8bf6e24a050fb60bff1c9bd8f6d24572b99c32d4e71e62a51",
                "sha256:82c5c05585e70b6ba2d3ae09ea60b79548872185d2f24ae1f2709d37299fd607"
            ],
            "markers": "python_version >= '3.9'",
            "version": "==6.2.4"
        },
        "click": {
            "hashes": [
                "sha256:12ff4785d337a1bb490bb7e9c2b1ee5da3112e94a8622f26a6c77f5d2fc6842a",
                "sha256:981153a64e25f12d547d3426c367a4857371575ee7ad18df2a6183ab0545b2a6"
            ],
            "markers": "python_version >= '3.10'",
            "version": "==8.3.1"
        },
        "jmespath": {
            "hashes": [
                "sha256:02e2e4cc71b5bcab88332eebf907519190dd9e6e82107fa7f83b1003a6252980",
                "sha256:90261b206d6defd58fdd5e85f478bf633a2901798906be2ad389150c5c60edbe"
            ],
            "markers": "python_version >= '3.7'",
            "version": "==1.0.1"
        },
        "prometheus-client": {
            "hashes": [
                "sha256:6ae8f9081eaaaf153a2e959d2e6c4f4fb57b12ef76c8c7980202f1e57b48b2ce",
                "sha256:dd1913e6e76b59cfe44e7a4b83e01afc9873c1bdfd2ed8739f1e76aeca115f99"
            ],
            "markers": "python_version >= '3.9'",
            "version": "==0.23.1"
        },
        "python-dateutil": {
            "hashes": [
                "sha256:37dd54208da7e1cd875388217d5e00ebd4179249f90fb72437e91a35459a0ad3",
                "sha256:a8b2bc7bffae282281c8140a97d3aa9c14da0b136dfe83f850eea9a5f7470427"
            ],
            "markers": "python_version >= '2.7' and python_version not in '3.0, 3.1, 3.2'",
            "version": "==2.9.0.post0"
        },
        "s3transfer": {
            "hashes": [
                "sha256:18e25d66fed509e3868dc1572b3f427ff947dd2c56f844a5bf09481ad3f3b2fe",
                "sha256:8e990f13268025792229cd52fa10cb7163744bf56e719e0b9cb925ab79abf920"
            ],
            "markers": "python_version >= '3.9'",
            "version": "==0.16.0"
        },
        "six": {
            "hashes": [
                "sha256:4721f391ed90541fddacab5acf947aa0d3dc7d27b2e1e8eda2be8970586c3274",
                "sha256:ff70335d468e7eb6ec65b95b99d3a2836546063f63acc5171de367e834932a81"
            ],
            "markers": "python_version >= '2.7' and python_version not in '3.0, 3.1, 3.2'",
            "version": "==1.17.0"
        },
        "tabulate": {
            "hashes": [
                "sha256:0095b12bf5966de529c0feb1fa08671671b3368eec77d7ef7ab114be2c068b3c",
                "sha256:024ca478df22e9340661486f85298cff5f6dcdba14f3813e8830015b9ed1948f"
            ],
            "markers": "python_version >= '3.7'",
            "version": "==0.9.0"
        },
        "urllib3": {
            "hashes": [
                "sha256:1b62b6884944a57dbe321509ab94fd4d3b307075e0c2eae991ac71ee15ad38ed",
                "sha256:bf272323e553dfb2e87d9bfd225ca7b0f467b919d7bbd355436d3fd37cb0acd4"
            ],
            "index": "pypi",
            "markers": "python_version >= '3.9'",
            "version": "==2.6.3"
        }
    },
    "develop": {
        "autopep8": {
            "hashes": [
                "sha256:89440a4f969197b69a995e4ce0661b031f455a9f776d2c5ba3dbd83466931758",
                "sha256:ce8ad498672c845a0c3de2629c15b635ec2b05ef8177a6e7c91c74f3e9b51128"
            ],
            "markers": "python_version >= '3.9'",
            "version": "==2.3.2"
        },
        "aws-quota-checker": {
            "editable": true,
            "extras": [
                "prometheus"
            ],
            "path": "."
        },
        "boto3": {
            "hashes": [
                "sha256:1885f252d715a5810bb4e0c5bbebfa8e9018b025febf5be3d58540626e7b43d2",
                "sha256:9b92943d253bc837323079fe88460e741cb2eb80abaebcb558b2446bdb4049d6"
            ],
            "markers": "python_version >= '3.9'",
            "version": "==1.42.21"
        },
        "botocore": {
            "hashes": [
                "sha256:6b59973a3ba8c3cfd5123f2656fef2339beee9f6483b8bc12bb00c5453ea2c6d",
                "sha256:db8f99d186156da42feb4fd2098017383d9b155097290cc53da7258f6e652c39"
            ],
            "markers": "python_version >= '3.9'",
            "version": "==1.42.21"
        },
        "cachetools": {
            "hashes": [
                "sha256:69a7a52634fed8b8bf6e24a050fb60bff1c9bd8f6d24572b99c32d4e71e62a51",
                "sha256:82c5c05585e70b6ba2d3ae09ea60b79548872185d2f24ae1f2709d37299fd607"
            ],
            "markers": "python_version >= '3.9'",
            "version": "==6.2.4"
        },
        "click": {
            "hashes": [
                "sha256:12ff4785d337a1bb490bb7e9c2b1ee5da3112e94a8622f26a6c77f5d2fc6842a",
                "sha256:981153a64e25f12d547d3426c367a4857371575ee7ad18df2a6183ab0545b2a6"
            ],
            "markers": "python_version >= '3.10'",
            "version": "==8.3.1"
        },
        "jmespath": {
            "hashes": [
                "sha256:02e2e4cc71b5bcab88332eebf907519190dd9e6e82107fa7f83b1003a6252980",
                "sha256:90261b206d6defd58fdd5e85f478bf633a2901798906be2ad389150c5c60edbe"
            ],
            "markers": "python_version >= '3.7'",
            "version": "==1.0.1"
        },
        "keepachangelog": {
            "hashes": [
                "sha256:0b2259fd73b55f2b99e61035ff83f3d86d0f2764841a7e2de86e31e675e42fee",
                "sha256:6839f0646690ae514aca6dedbc7b8aa652c56db3be43081a1940c55c1c807709"
            ],
            "markers": "python_version >= '3.9'",
            "version": "==2.0.0"
        },
        "packaging": {
            "hashes": [
                "sha256:00243ae351a257117b6a241061796684b084ed1c516a08c48a3f7e147a9d80b4",
                "sha256:b36f1fef9334a5588b4166f8bcd26a14e521f2b55e6b9de3aaa80d3ff7a37529"
            ],
            "markers": "python_version >= '3.8'",
            "version": "==26.0"
        },
        "pycodestyle": {
            "hashes": [
                "sha256:c4b5b517d278089ff9d0abdec919cd97262a3367449ea1c8b49b91529167b783",
                "sha256:dd6bf7cb4ee77f8e016f9c8e74a35ddd9f67e1d5fd4184d86c3b98e07099f42d"
            ],
            "markers": "python_version >= '3.9'",
            "version": "==2.14.0"
        },
        "python-dateutil": {
            "hashes": [
                "sha256:37dd54208da7e1cd875388217d5e00ebd4179249f90fb72437e91a35459a0ad3",
                "sha256:a8b2bc7bffae282281c8140a97d3aa9c14da0b136dfe83f850eea9a5f7470427"
            ],
            "markers": "python_version >= '2.7' and python_version not in '3.0, 3.1, 3.2'",
            "version": "==2.9.0.post0"
        },
        "ruff": {
            "hashes": [
                "sha256:104c49fc7ab73f3f3a758039adea978869a918f31b73280db175b43a2d9b51d6",
                "sha256:1484983559f026788e3a5c07c81ef7d1e97c1c78ed03041a18f75df104c45405",
                "sha256:16a01dfb7b9e4eee556fbfd5392806b1b8550c9b4a9f6acd3dbe6812b193c70a",
                "sha256:213db2b2e44be8625002dbea33bb9c60c66ea2c07c084a00d55732689d697a7f",
                "sha256:466297bd73638c6bdf06485683e812db1c00c7ac96d4ddd0294a338c62fdc154",
                "sha256:4bb98fcbbc61725968893682fd4df8966a34611239c9fd07a1f6a07e7103d08e",
                "sha256:59aabd2e2c4fd614d2862e7939c34a532c04f1084476d6833dddef4afab87e9f",
                "sha256:5bcf45b681e9f1ee6445d317ce1fa9d6cba9a6049542d1c3d5b5958986be8830",
                "sha256:674f9be9372907f7257c51f1d4fc902cb7cf014b9980152b802794317941f08f",
                "sha256:6987ebe0501ae4f4308d7d24e2d0fe3d7a98430f5adfd0f1fead050a740a3a77",
                "sha256:7165d31a925b7a294465fa81be8c12a0e9b60fb02bf177e79067c867e71f8b1f",
                "sha256:7a3ce585f2ade3e1f29ec1b92df13e3da262178df8c8bdf876f48fa0e8316c49",
                "sha256:9a2e830f075d1a42cd28420d7809ace390832a490ed0966fe373ba288e77aaf4",
                "sha256:b914c40ab64865a17a9a5b67911d14df72346a634527240039eb3bd650e5979d",
                "sha256:c561695675b972effb0c0a45db233f2c816ff3da8dcfbe7dfc7eed625f218935",
                "sha256:c70427132db492d25f982fffc8d6c7535cc2fd2c83fc8888f05caaa248521e60",
                "sha256:d85713d522348837ef9df8efca33ccb8bd6fcfc86a2cde3ccb4bc9d28a18003d",
                "sha256:e51d046cf6dda98a4633b8a8a771451107413b0f07183b2bef03f075599e44e6",
                "sha256:f24b47993a9d8cb858429e97bdf8544c78029f09b520af615c1d261bf827001d"
            ],
            "markers": "python_version >= '3.7'",
            "version": "==0.14.10"
        },
        "s3transfer": {
            "hashes": [
                "sha256:18e25d66fed509e3868dc1572b3f427ff947dd2c56f844a5bf09481ad3f3b2fe",
                "sha256:8e990f13268025792229cd52fa10cb7163744bf56e719e0b9cb925ab79abf920"
            ],
            "markers": "python_version >= '3.9'",
            "version": "==0.16.0"
        },
        "six": {
            "hashes": [
                "sha256:4721f391ed90541fddacab5acf947aa0d3dc7d27b2e1e8eda2be8970586c3274",
                "sha256:ff70335d468e7eb6ec65b95b99d3a2836546063f63acc5171de367e834932a81"
            ],
            "markers": "python_version >= '2.7' and python_version not in '3.0, 3.1, 3.2'",
            "version": "==1.17.0"
        },
        "tabulate": {
            "hashes": [
                "sha256:0095b12bf5966de529c0feb1fa08671671b3368eec77d7ef7ab114be2c068b3c",
                "sha256:024ca478df22e9340661486f85298cff5f6dcdba14f3813e8830015b9ed1948f"
            ],
            "markers": "python_version >= '3.7'",
            "version": "==0.9.0"
        },
        "urllib3": {
            "hashes": [
                "sha256:016f9c98bb7e98085cb2b4b17b87d2c702975664e4f060c6532e64d1c1a5e797",
                "sha256:ec21cddfe7724fc7cb4ba4bea7aa8e2ef36f607a4bab81aa6ce42a13dc3f03dd"
            ],
            "markers": "python_version >= '3.9'",
            "version": "==2.6.2"
        },
        "wheel": {
            "hashes": [
                "sha256:33ae60725d69eaa249bc1982e739943c23b34b58d51f1cb6253453773aca6e65",
                "sha256:3d79e48fde9847618a5a181f3cc35764c349c752e2fe911e65fa17faab9809b0"
            ],
            "index": "pypi",
            "markers": "python_version >= '3.9'",
            "version": "==0.46.2"
        }
    }
}
