{
    "_meta": {
        "hash": {
            "sha256": "55f4e79ef1a72951303afc3d81b97ff4e91bed96a247341d786f2532a3c83702"
        },
        "pipfile-spec": 6,
        "requires": {
            "python_version": "3.11"
        },
        "sources": [
            {
                "name": "pypi",
                "url": "https://pypi.org/simple",
                "verify_ssl": true
            }
        ]
    },
    "default": {
        "astroid": {
            "hashes": [
                "sha256:951798f922990137ac090c53af473db7ab4e70c770e6d7fae0cec59f74411819",
                "sha256:ac248253bfa4bd924a0de213707e7ebeeb3138abeb48d798784ead1e56d419d4"
            ],
            "markers": "python_full_version >= '3.8.0'",
            "version": "==3.1.0"
        },
        "autopep8": {
            "hashes": [
                "sha256:067959ca4a07b24dbd5345efa8325f5f58da4298dab0dde0443d5ed765de80cb",
                "sha256:2913064abd97b3419d1cc83ea71f042cb821f87e45b9c88cad5ad3c4ea87fe0c"
            ],
            "version": "==2.0.4"
        },
        "aws-quota-checker": {
            "editable": true,
            "extras": [
                "dev"
            ],
            "path": "."
        },
        "boto3": {
            "hashes": [
                "sha256:300888f0c1b6f32f27f85a9aa876f50f46514ec619647af7e4d20db74d339714",
                "sha256:b26928f9a21cf3649cea20a59061340f3294c6e7785ceb6e1a953eb8010dc3ba"
            ],
            "markers": "python_version >= '3.8'",
            "version": "==1.34.56"
        },
        "botocore": {
            "hashes": [
                "sha256:bffeb71ab21d47d4ecf947d9bdb2fbd1b0bbd0c27742cea7cf0b77b701c41d9f",
                "sha256:fff66e22a5589c2d58fba57d1d95c334ce771895e831f80365f6cff6453285ec"
            ],
            "markers": "python_version >= '3.8'",
            "version": "==1.34.56"
        },
        "cachetools": {
            "hashes": [
                "sha256:0abad1021d3f8325b2fc1d2e9c8b9c9d57b04c3932657a72465447332c24d945",
                "sha256:ba29e2dfa0b8b556606f097407ed1aa62080ee108ab0dc5ec9d6a723a007d105"
            ],
            "markers": "python_version >= '3.7'",
            "version": "==5.3.3"
        },
        "click": {
            "hashes": [
                "sha256:ae74fb96c20a0277a1d615f1e4d73c8414f5a98db8b799a7931d1582f3390c28",
                "sha256:ca9853ad459e787e2192211578cc907e7594e294c7ccc834310722b41b9ca6de"
            ],
            "markers": "python_version >= '3.7'",
            "version": "==8.1.7"
        },
        "dill": {
            "hashes": [
                "sha256:3ebe3c479ad625c4553aca177444d89b486b1d84982eeacded644afc0cf797ca",
                "sha256:c36ca9ffb54365bdd2f8eb3eff7d2a21237f8452b57ace88b1ac615b7e815bd7"
            ],
            "markers": "python_version >= '3.11'",
            "version": "==0.3.8"
        },
        "isort": {
            "hashes": [
                "sha256:48fdfcb9face5d58a4f6dde2e72a1fb8dcaf8ab26f95ab49fab84c2ddefb0109",
                "sha256:8ca5e72a8d85860d5a3fa69b8745237f2939afe12dbf656afbcb47fe72d947a6"
            ],
            "markers": "python_full_version >= '3.8.0'",
            "version": "==5.13.2"
        },
        "jmespath": {
            "hashes": [
                "sha256:02e2e4cc71b5bcab88332eebf907519190dd9e6e82107fa7f83b1003a6252980",
                "sha256:90261b206d6defd58fdd5e85f478bf633a2901798906be2ad389150c5c60edbe"
            ],
            "markers": "python_version >= '3.7'",
            "version": "==1.0.1"
        },
        "keepachangelog": {
            "hashes": [
                "sha256:0d3331f6601aeccf73620319782f0e993b1147b1fcba0ee2a534e4eef4b252b4",
                "sha256:1b73548ce85518b73009ce71af79c617c663437268cb085071973440c0505158"
            ],
            "version": "==1.0.0"
        },
        "mccabe": {
            "hashes": [
                "sha256:348e0240c33b60bbdf4e523192ef919f28cb2c3d7d5c7794f74009290f236325",
                "sha256:6c2d30ab6be0e4a46919781807b4f0d834ebdd6c6e3dca0bda5a15f863427b6e"
            ],
            "markers": "python_version >= '3.6'",
            "version": "==0.7.0"
        },
        "platformdirs": {
            "hashes": [
                "sha256:0614df2a2f37e1a662acbd8e2b25b92ccf8632929bc6d43467e17fe89c75e068",
                "sha256:ef0cc731df711022c174543cb70a9b5bd22e5a9337c8624ef2c2ceb8ddad8768"
            ],
            "markers": "python_version >= '3.8'",
            "version": "==4.2.0"
        },
        "pycodestyle": {
            "hashes": [
                "sha256:41ba0e7afc9752dfb53ced5489e89f8186be00e599e712660695b7a75ff2663f",
                "sha256:44fe31000b2d866f2e41841b18528a505fbd7fef9017b04eff4e2648a0fadc67"
            ],
            "markers": "python_version >= '3.8'",
            "version": "==2.11.1"
        },
        "pylint": {
            "hashes": [
                "sha256:507a5b60953874766d8a366e8e8c7af63e058b26345cfcb5f91f89d987fd6b74",
                "sha256:6a69beb4a6f63debebaab0a3477ecd0f559aa726af4954fc948c51f7a2549e23"
            ],
            "version": "==3.1.0"
        },
        "python-dateutil": {
            "hashes": [
                "sha256:37dd54208da7e1cd875388217d5e00ebd4179249f90fb72437e91a35459a0ad3",
                "sha256:a8b2bc7bffae282281c8140a97d3aa9c14da0b136dfe83f850eea9a5f7470427"
            ],
            "markers": "python_version >= '2.7' and python_version not in '3.0, 3.1, 3.2'",
            "version": "==2.9.0.post0"
        },
        "s3transfer": {
            "hashes": [
                "sha256:3cdb40f5cfa6966e812209d0994f2a4709b561c88e90cf00c2696d2df4e56b2e",
                "sha256:d0c8bbf672d5eebbe4e57945e23b972d963f07d82f661cabf678a5c88831595b"
            ],
            "markers": "python_version >= '3.8'",
            "version": "==0.10.0"
        },
        "six": {
            "hashes": [
                "sha256:1e61c37477a1626458e36f7b1d82aa5c9b094fa4802892072e49de9c60c4c926",
                "sha256:8abb2f1d86890a2dfb989f9a77cfcfd3e47c2a354b01111771326f8aa26e0254"
            ],
            "markers": "python_version >= '2.7' and python_version not in '3.0, 3.1, 3.2'",
            "version": "==1.16.0"
        },
        "tabulate": {
            "hashes": [
                "sha256:0095b12bf5966de529c0feb1fa08671671b3368eec77d7ef7ab114be2c068b3c",
                "sha256:024ca478df22e9340661486f85298cff5f6dcdba14f3813e8830015b9ed1948f"
            ],
            "markers": "python_version >= '3.7'",
            "version": "==0.9.0"
        },
        "tomlkit": {
            "hashes": [
                "sha256:5cd82d48a3dd89dee1f9d64420aa20ae65cfbd00668d6f094d7578a78efbb77b",
                "sha256:7ca1cfc12232806517a8515047ba66a19369e71edf2439d0f5824f91032b6cc3"
            ],
            "markers": "python_version >= '3.7'",
            "version": "==0.12.4"
        },
        "urllib3": {
            "hashes": [
                "sha256:c97dfde1f7bd43a71c8d2a58e369e9b2bf692d1334ea9f9cae55add7d0dd0f84",
                "sha256:fdb6d215c776278489906c2f8916e6e7d4f5a9b602ccbcfdf7f016fc8da0596e"
            ],
            "markers": "python_version >= '3.10'",
            "version": "==2.0.7"
        },
        "wheel": {
            "hashes": [
                "sha256:177f9c9b0d45c47873b619f5b650346d632cdc35fb5e4d25058e09c9e581433d",
                "sha256:c45be39f7882c9d34243236f2d63cbd58039e360f85d0913425fbd7ceea617a8"
            ],
            "version": "==0.42.0"
        }
    },
    "develop": {}
}
