{
    "_meta": {
        "hash": {
            "sha256": "5b6a4a2edbe06913c4a66020a213dbbb6a54add30c2ee03f39eb194d06690df2"
        },
        "pipfile-spec": 6,
        "requires": {
            "python_version": "3.12"
        },
        "sources": [
            {
                "name": "pypi",
                "url": "https://pypi.org/simple",
                "verify_ssl": true
            }
        ]
    },
    "default": {
        "autopep8": {
            "hashes": [
                "sha256:89440a4f969197b69a995e4ce0661b031f455a9f776d2c5ba3dbd83466931758",
                "sha256:ce8ad498672c845a0c3de2629c15b635ec2b05ef8177a6e7c91c74f3e9b51128"
            ],
            "markers": "python_version >= '3.9'",
            "version": "==2.3.2"
        },
        "aws-quota-checker": {
            "editable": true,
            "extras": [
                "dev",
                "prometheus"
            ],
            "path": "."
        },
        "boto3": {
            "hashes": [
                "sha256:1123c9fb1d46cb6fb2c8579fb411c564c34d05c531755fa1548524df63f5e023",
                "sha256:2868b1abd093aeaf0a6b9c25b275a11d623fd075469d1d51f4fbdf8a77451356"
            ],
            "index": "pypi",
            "markers": "python_version >= '3.9'",
            "version": "==1.38.45"
        },
        "botocore": {
            "hashes": [
                "sha256:02e14c45c350532cc64e3cc8ccb9adf25af4cca750f7d7e765a43fbe3df06aed",
                "sha256:ea8be5a9c10ac557bebd823044b386f50ebb905e173dd5927a4233405d36c797"
            ],
            "markers": "python_version >= '3.9'",
            "version": "==1.38.45"
        },
        "cachetools": {
            "hashes": [
                "sha256:1c7bb3cf9193deaf3508b7c5f2a79986c13ea38965c5adcff1f84519cf39163e",
                "sha256:b4c4f404392848db3ce7aac34950d17be4d864da4b8b66911008e430bc544587"
            ],
            "markers": "python_version >= '3.9'",
            "version": "==6.1.0"
        },
        "click": {
            "hashes": [
                "sha256:27c491cc05d968d271d5a1db13e3b5a184636d9d930f148c50b038f0d0646202",
                "sha256:61a3265b914e850b85317d0b3109c7f8cd35a670f963866005d6ef1d5175a12b"
            ],
            "markers": "python_version >= '3.10'",
            "version": "==8.2.1"
        },
        "jmespath": {
            "hashes": [
                "sha256:02e2e4cc71b5bcab88332eebf907519190dd9e6e82107fa7f83b1003a6252980",
                "sha256:90261b206d6defd58fdd5e85f478bf633a2901798906be2ad389150c5c60edbe"
            ],
            "markers": "python_version >= '3.7'",
            "version": "==1.0.1"
        },
        "keepachangelog": {
            "hashes": [
                "sha256:0b2259fd73b55f2b99e61035ff83f3d86d0f2764841a7e2de86e31e675e42fee",
                "sha256:6839f0646690ae514aca6dedbc7b8aa652c56db3be43081a1940c55c1c807709"
            ],
            "markers": "python_version >= '3.9'",
            "version": "==2.0.0"
        },
        "prometheus-client": {
            "hashes": [
                "sha256:190f1331e783cf21eb60bca559354e0a4d4378facecf78f5428c39b675d20d28",
                "sha256:cca895342e308174341b2cbf99a56bef291fbc0ef7b9e5412a0f26d653ba7094"
            ],
            "markers": "python_version >= '3.9'",
            "version": "==0.22.1"
        },
        "pycodestyle": {
            "hashes": [
                "sha256:c4b5b517d278089ff9d0abdec919cd97262a3367449ea1c8b49b91529167b783",
                "sha256:dd6bf7cb4ee77f8e016f9c8e74a35ddd9f67e1d5fd4184d86c3b98e07099f42d"
            ],
            "markers": "python_version >= '3.9'",
            "version": "==2.14.0"
        },
        "python-dateutil": {
            "hashes": [
                "sha256:37dd54208da7e1cd875388217d5e00ebd4179249f90fb72437e91a35459a0ad3",
                "sha256:a8b2bc7bffae282281c8140a97d3aa9c14da0b136dfe83f850eea9a5f7470427"
            ],
            "markers": "python_version >= '2.7' and python_version not in '3.0, 3.1, 3.2'",
            "version": "==2.9.0.post0"
        },
        "ruff": {
            "hashes": [
                "sha256:069052605fe74c765a5b4272eb89880e0ff7a31e6c0dbf8767203c1fbd31c7ff",
                "sha256:2be9d32a147f98a1972c1e4df9a6956d612ca5f5578536814372113d09a27a6c",
                "sha256:49b7ce354eed2a322fbaea80168c902de9504e6e174fd501e9447cad0232f9e6",
                "sha256:6013a46d865111e2edb71ad692fbb8262e6c172587a57c0669332a449384a36b",
                "sha256:6cc32e863adcf9e71690248607ccdf25252eeeab5193768e6873b901fd441fed",
                "sha256:70d52a058c0e7b88b602f575d23596e89bd7d8196437a4148381a3f73fcd5010",
                "sha256:78ad09a022c64c13cc6077707f036bab0fac8cd7088772dcd1e5be21c5002efc",
                "sha256:7fd49a4619f90d5afc65cf42e07b6ae98bb454fd5029d03b306bd9e2273d44cc",
                "sha256:801d626de15e6bf988fbe7ce59b303a914ff9c616d5866f8c79eb5012720ae13",
                "sha256:806bbc17f1104fd57451a98a58df35388ee3ab422e029e8f5cf30aa4af2c138c",
                "sha256:84d0a69d1e8d716dfeab22d8d5e7c786b73f2106429a933cee51d7b09f861d4e",
                "sha256:9a256522893cb7e92bb1e1153283927f842dea2e48619c803243dccc8437b8be",
                "sha256:9e1123b1c033f77bd2590e4c1fe7e8ea72ef990a85d2484351d408224d603013",
                "sha256:a684f125a4fec2d5a6501a466be3841113ba6847827be4573fddf8308b83477d",
                "sha256:b3f75a19e03a4b0757d1412edb7f27cffb0c700365e9d6b60bc1b68d35bc89e0",
                "sha256:bdecdef753bf1e95797593007569d8e1697a54fca843d78f6862f7dc279e23bd",
                "sha256:d973fa626d4c8267848755bd0414211a456e99e125dcab147f24daa9e991a245",
                "sha256:ed5af6aaaea20710e77698e2055b9ff9b3494891e1b24d26c07055459bb717e9"
            ],
            "markers": "python_version >= '3.7'",
            "version": "==0.12.1"
        },
        "s3transfer": {
            "hashes": [
                "sha256:0148ef34d6dd964d0d8cf4311b2b21c474693e57c2e069ec708ce043d2b527be",
                "sha256:f5e6db74eb7776a37208001113ea7aa97695368242b364d73e91c981ac522177"
            ],
            "markers": "python_version >= '3.9'",
            "version": "==0.13.0"
        },
        "six": {
            "hashes": [
                "sha256:4721f391ed90541fddacab5acf947aa0d3dc7d27b2e1e8eda2be8970586c3274",
                "sha256:ff70335d468e7eb6ec65b95b99d3a2836546063f63acc5171de367e834932a81"
            ],
            "markers": "python_version >= '2.7' and python_version not in '3.0, 3.1, 3.2'",
            "version": "==1.17.0"
        },
        "tabulate": {
            "hashes": [
                "sha256:0095b12bf5966de529c0feb1fa08671671b3368eec77d7ef7ab114be2c068b3c",
                "sha256:024ca478df22e9340661486f85298cff5f6dcdba14f3813e8830015b9ed1948f"
            ],
            "markers": "python_version >= '3.7'",
            "version": "==0.9.0"
        },
        "urllib3": {
            "hashes": [
                "sha256:3fc47733c7e419d4bc3f6b3dc2b4f890bb743906a30d56ba4a5bfa4bbff92760",
                "sha256:e6b01673c0fa6a13e374b50871808eb3bf7046c4b125b216f6bf1cc604cff0dc"
            ],
            "markers": "python_version >= '3.9'",
            "version": "==2.5.0"
        },
        "wheel": {
            "hashes": [
                "sha256:661e1abd9198507b1409a20c02106d9670b2576e916d58f520316666abca6729",
                "sha256:708e7481cc80179af0e556bbf0cc00b8444c7321e2700b8d8580231d13017248"
            ],
            "markers": "python_version >= '3.8'",
            "version": "==0.45.1"
        }
    },
    "develop": {}
}
